
Microsoft Visual Studio Solution File, Format Version 12.00
# Visual Studio 2012
Project("{FAE04EC0-301F-11D3-BF4B-00C04F79EFBC}") = "LeapMouse", "LeapMouse\LeapMouse.csproj", "{4D8B3E51-F8F0-4FB8-A636-664E1C9EF360}"
EndProject
Global
	GlobalSection(SolutionConfigurationPlatforms) = preSolution
		Debug|Any CPU = Debug|Any CPU
		Release|Any CPU = Release|Any CPU
	EndGlobalSection
	GlobalSection(ProjectConfigurationPlatforms) = postSolution
		{4D8B3E51-F8F0-4FB8-A636-664E1C9EF360}.Debug|Any CPU.ActiveCfg = Debug|Any CPU
		{4D8B3E51-F8F0-4FB8-A636-664E1C9EF360}.Debug|Any CPU.Build.0 = Debug|Any CPU
		{4D8B3E51-F8F0-4FB8-A636-664E1C9EF360}.Release|Any CPU.ActiveCfg = Release|Any CPU
		{4D8B3E51-F8F0-4FB8-A636-664E1C9EF360}.Release|Any CPU.Build.0 = Release|Any CPU
	EndGlobalSection
	GlobalSection(SolutionProperties) = preSolution
		HideSolutionNode = FALSE
	EndGlobalSection
EndGlobal
